PODS:
  - Floaty (4.2.0)
  - Hero (1.5.0)
  - IQKeyboardManager (6.5.5)
  - LazyFadeInView (1.0.0)
  - SideMenu (6.4.8)
  - TextFieldEffects (1.6.0)

DEPENDENCIES:
  - Floaty
  - Hero
  - IQKeyboardManager
  - LazyFadeInView
  - SideMenu
  - TextFieldEffects

SPEC REPOS:
  trunk:
    - Floaty
    - Hero
    - IQKeyboardManager
    - LazyFadeInView
    - SideMenu
    - TextFieldEffects

SPEC CHECKSUMS:
  Floaty: e2bd5a0f6f7f70899e26ff2da31081c8bee8d1b0
  Hero: b7385b75e7259da62f4f85462f59a5082d66b058
  IQKeyboardManager: 3a8b9e603f8b0eeaf5f096a1f2b2cfcf121992ef
  LazyFadeInView: 442c59c427f865754c380b600cc3ac0d750f046a
  SideMenu: 4a891be552d30bb6fa87ad404d62e485f8450c34
  TextFieldEffects: 529b8aff706fb40f82c41c780c0777941a893796

PODFILE CHECKSUM: 07f69a7bb8e3cbca61099fef2d917cfde47f1686

COCOAPODS: 1.9.1
