// !$*UTF8*$!
{
	archiveVersion = 1;
	classes = {
	};
	objectVersion = 51;
	objects = {

/* Begin PBXBuildFile section */
		1A6EF0D6033279B515C7C239 /* Pods_IIF_Documentos.framework in Frameworks */ = {isa = PBXBuildFile; fileRef = D53B9596D1B45C39ED3B96B3 /* Pods_IIF_Documentos.framework */; };
		9D0E94B724207939008F4A8E /* settingsTableViewController.swift in Sources */ = {isa = PBXBuildFile; fileRef = 9D0E94B624207939008F4A8E /* settingsTableViewController.swift */; };
		9D55E0F824108E53000B5818 /* extensionsViewController.swift in Sources */ = {isa = PBXBuildFile; fileRef = 9D55E0F724108E53000B5818 /* extensionsViewController.swift */; };
		9D55E0FA241095DF000B5818 /* loadingScreenViewController.swift in Sources */ = {isa = PBXBuildFile; fileRef = 9D55E0F9241095DF000B5818 /* loadingScreenViewController.swift */; };
		9D55E0FD2410977C000B5818 /* loadingVideo.mp4 in Resources */ = {isa = PBXBuildFile; fileRef = 9D55E0FC2410977C000B5818 /* loadingVideo.mp4 */; };
		9D580CDB245CA3B200C2D648 /* bookMarkDetailViewController.swift in Sources */ = {isa = PBXBuildFile; fileRef = 9D580CD9245CA3B200C2D648 /* bookMarkDetailViewController.swift */; };
		9D580CDC245CA3B200C2D648 /* bookMarkDetailViewController.xib in Resources */ = {isa = PBXBuildFile; fileRef = 9D580CDA245CA3B200C2D648 /* bookMarkDetailViewController.xib */; };
		9D620935241E2FD70036B420 /* SearchViewCell.swift in Sources */ = {isa = PBXBuildFile; fileRef = 9D620933241E2FD70036B420 /* SearchViewCell.swift */; };
		9D620936241E2FD70036B420 /* SearchViewCell.xib in Resources */ = {isa = PBXBuildFile; fileRef = 9D620934241E2FD70036B420 /* SearchViewCell.xib */; };
		9D620938241E30140036B420 /* SearchTableViewController.swift in Sources */ = {isa = PBXBuildFile; fileRef = 9D620937241E30140036B420 /* SearchTableViewController.swift */; };
		9D6FB5CC2410B62D005F9719 /* mainViewController.swift in Sources */ = {isa = PBXBuildFile; fileRef = 9D6FB5CB2410B62D005F9719 /* mainViewController.swift */; };
		9DD519732459E76C00205C91 /* bookmarksViewController.swift in Sources */ = {isa = PBXBuildFile; fileRef = 9DD519712459E76C00205C91 /* bookmarksViewController.swift */; };
		9DD519742459E76C00205C91 /* bookmarksViewController.xib in Resources */ = {isa = PBXBuildFile; fileRef = 9DD519722459E76C00205C91 /* bookmarksViewController.xib */; };
		9DD519772459EBAF00205C91 /* TableViewCell.swift in Sources */ = {isa = PBXBuildFile; fileRef = 9DD519752459EBAF00205C91 /* TableViewCell.swift */; };
		9DD519782459EBAF00205C91 /* TableViewCell.xib in Resources */ = {isa = PBXBuildFile; fileRef = 9DD519762459EBAF00205C91 /* TableViewCell.xib */; };
		9DE700D6241B58DC00AB0636 /* documentViewController.swift in Sources */ = {isa = PBXBuildFile; fileRef = 9DE700D5241B58DC00AB0636 /* documentViewController.swift */; };
		9DE700D9241B622E00AB0636 /* documentsTableViewCell.swift in Sources */ = {isa = PBXBuildFile; fileRef = 9DE700D7241B622E00AB0636 /* documentsTableViewCell.swift */; };
		9DE700DA241B622E00AB0636 /* documentsTableViewCell.xib in Resources */ = {isa = PBXBuildFile; fileRef = 9DE700D8241B622E00AB0636 /* documentsTableViewCell.xib */; };
		CF51D73124184F74002CD70A /* CNPP.pdf in Resources */ = {isa = PBXBuildFile; fileRef = CF51D72F24184F74002CD70A /* CNPP.pdf */; };
		CF51D73224184F74002CD70A /* CPEM.pdf in Resources */ = {isa = PBXBuildFile; fileRef = CF51D73024184F74002CD70A /* CPEM.pdf */; };
		CFCA1C17241047B50016A6D8 /* AppDelegate.swift in Sources */ = {isa = PBXBuildFile; fileRef = CFCA1C16241047B50016A6D8 /* AppDelegate.swift */; };
		CFCA1C19241047B50016A6D8 /* SceneDelegate.swift in Sources */ = {isa = PBXBuildFile; fileRef = CFCA1C18241047B50016A6D8 /* SceneDelegate.swift */; };
		CFCA1C1E241047B50016A6D8 /* Main.storyboard in Resources */ = {isa = PBXBuildFile; fileRef = CFCA1C1C241047B50016A6D8 /* Main.storyboard */; };
		CFCA1C20241047B80016A6D8 /* Assets.xcassets in Resources */ = {isa = PBXBuildFile; fileRef = CFCA1C1F241047B80016A6D8 /* Assets.xcassets */; };
		CFCA1C23241047B80016A6D8 /* LaunchScreen.storyboard in Resources */ = {isa = PBXBuildFile; fileRef = CFCA1C21241047B80016A6D8 /* LaunchScreen.storyboard */; };
		CFCA1C30241055440016A6D8 /* loginViewController.swift in Sources */ = {isa = PBXBuildFile; fileRef = CFCA1C2F241055440016A6D8 /* loginViewController.swift */; };
		CFEFA6CF241C3B9000DF73C5 /* CPF.pdf in Resources */ = {isa = PBXBuildFile; fileRef = CFEFA6CE241C3B8F00DF73C5 /* CPF.pdf */; };
		CFEFA6D1241C3BE100DF73C5 /* CM.pdf in Resources */ = {isa = PBXBuildFile; fileRef = CFEFA6D0241C3BE100DF73C5 /* CM.pdf */; };
		CFEFA6D3241C3C0F00DF73C5 /* CVM.pdf in Resources */ = {isa = PBXBuildFile; fileRef = CFEFA6D2241C3C0F00DF73C5 /* CVM.pdf */; };
/* End PBXBuildFile section */

/* Begin PBXFileReference section */
		78B47B99672920E58F564A80 /* Pods-IIF Documentos.debug.xcconfig */ = {isa = PBXFileReference; includeInIndex = 1; lastKnownFileType = text.xcconfig; name = "Pods-IIF Documentos.debug.xcconfig"; path = "Target Support Files/Pods-IIF Documentos/Pods-IIF Documentos.debug.xcconfig"; sourceTree = "<group>"; };
		7E9ED24895A687FCC64B0898 /* Pods-IIF Documentos.release.xcconfig */ = {isa = PBXFileReference; includeInIndex = 1; lastKnownFileType = text.xcconfig; name = "Pods-IIF Documentos.release.xcconfig"; path = "Target Support Files/Pods-IIF Documentos/Pods-IIF Documentos.release.xcconfig"; sourceTree = "<group>"; };
		9D0E94B624207939008F4A8E /* settingsTableViewController.swift */ = {isa = PBXFileReference; lastKnownFileType = sourcecode.swift; path = settingsTableViewController.swift; sourceTree = "<group>"; };
		9D55E0F724108E53000B5818 /* extensionsViewController.swift */ = {isa = PBXFileReference; lastKnownFileType = sourcecode.swift; path = extensionsViewController.swift; sourceTree = "<group>"; };
		9D55E0F9241095DF000B5818 /* loadingScreenViewController.swift */ = {isa = PBXFileReference; lastKnownFileType = sourcecode.swift; path = loadingScreenViewController.swift; sourceTree = "<group>"; };
		9D55E0FC2410977C000B5818 /* loadingVideo.mp4 */ = {isa = PBXFileReference; lastKnownFileType = file; path = loadingVideo.mp4; sourceTree = "<group>"; };
		9D580CD9245CA3B200C2D648 /* bookMarkDetailViewController.swift */ = {isa = PBXFileReference; lastKnownFileType = sourcecode.swift; path = bookMarkDetailViewController.swift; sourceTree = "<group>"; };
		9D580CDA245CA3B200C2D648 /* bookMarkDetailViewController.xib */ = {isa = PBXFileReference; lastKnownFileType = file.xib; path = bookMarkDetailViewController.xib; sourceTree = "<group>"; };
		9D620933241E2FD70036B420 /* SearchViewCell.swift */ = {isa = PBXFileReference; fileEncoding = 4; lastKnownFileType = sourcecode.swift; path = SearchViewCell.swift; sourceTree = "<group>"; };
		9D620934241E2FD70036B420 /* SearchViewCell.xib */ = {isa = PBXFileReference; fileEncoding = 4; lastKnownFileType = file.xib; path = SearchViewCell.xib; sourceTree = "<group>"; };
		9D620937241E30140036B420 /* SearchTableViewController.swift */ = {isa = PBXFileReference; fileEncoding = 4; lastKnownFileType = sourcecode.swift; path = SearchTableViewController.swift; sourceTree = "<group>"; };
		9D6FB5CB2410B62D005F9719 /* mainViewController.swift */ = {isa = PBXFileReference; lastKnownFileType = sourcecode.swift; path = mainViewController.swift; sourceTree = "<group>"; };
		9DD519712459E76C00205C91 /* bookmarksViewController.swift */ = {isa = PBXFileReference; lastKnownFileType = sourcecode.swift; path = bookmarksViewController.swift; sourceTree = "<group>"; };
		9DD519722459E76C00205C91 /* bookmarksViewController.xib */ = {isa = PBXFileReference; lastKnownFileType = file.xib; path = bookmarksViewController.xib; sourceTree = "<group>"; };
		9DD519752459EBAF00205C91 /* TableViewCell.swift */ = {isa = PBXFileReference; lastKnownFileType = sourcecode.swift; path = TableViewCell.swift; sourceTree = "<group>"; };
		9DD519762459EBAF00205C91 /* TableViewCell.xib */ = {isa = PBXFileReference; lastKnownFileType = file.xib; path = TableViewCell.xib; sourceTree = "<group>"; };
		9DE700D5241B58DC00AB0636 /* documentViewController.swift */ = {isa = PBXFileReference; lastKnownFileType = sourcecode.swift; path = documentViewController.swift; sourceTree = "<group>"; };
		9DE700D7241B622E00AB0636 /* documentsTableViewCell.swift */ = {isa = PBXFileReference; lastKnownFileType = sourcecode.swift; path = documentsTableViewCell.swift; sourceTree = "<group>"; };
		9DE700D8241B622E00AB0636 /* documentsTableViewCell.xib */ = {isa = PBXFileReference; lastKnownFileType = file.xib; path = documentsTableViewCell.xib; sourceTree = "<group>"; };
		CF51D72F24184F74002CD70A /* CNPP.pdf */ = {isa = PBXFileReference; lastKnownFileType = image.pdf; path = CNPP.pdf; sourceTree = "<group>"; };
		CF51D73024184F74002CD70A /* CPEM.pdf */ = {isa = PBXFileReference; lastKnownFileType = image.pdf; path = CPEM.pdf; sourceTree = "<group>"; };
		CFCA1C13241047B50016A6D8 /* IIF Documentos.app */ = {isa = PBXFileReference; explicitFileType = wrapper.application; includeInIndex = 0; path = "IIF Documentos.app"; sourceTree = BUILT_PRODUCTS_DIR; };
		CFCA1C16241047B50016A6D8 /* AppDelegate.swift */ = {isa = PBXFileReference; lastKnownFileType = sourcecode.swift; path = AppDelegate.swift; sourceTree = "<group>"; };
		CFCA1C18241047B50016A6D8 /* SceneDelegate.swift */ = {isa = PBXFileReference; lastKnownFileType = sourcecode.swift; path = SceneDelegate.swift; sourceTree = "<group>"; };
		CFCA1C1D241047B50016A6D8 /* Base */ = {isa = PBXFileReference; lastKnownFileType = file.storyboard; name = Base; path = Base.lproj/Main.storyboard; sourceTree = "<group>"; };
		CFCA1C1F241047B80016A6D8 /* Assets.xcassets */ = {isa = PBXFileReference; lastKnownFileType = folder.assetcatalog; path = Assets.xcassets; sourceTree = "<group>"; };
		CFCA1C22241047B80016A6D8 /* Base */ = {isa = PBXFileReference; lastKnownFileType = file.storyboard; name = Base; path = Base.lproj/LaunchScreen.storyboard; sourceTree = "<group>"; };
		CFCA1C24241047B80016A6D8 /* Info.plist */ = {isa = PBXFileReference; lastKnownFileType = text.plist.xml; path = Info.plist; sourceTree = "<group>"; };
		CFCA1C2F241055440016A6D8 /* loginViewController.swift */ = {isa = PBXFileReference; lastKnownFileType = sourcecode.swift; path = loginViewController.swift; sourceTree = "<group>"; };
		CFEFA6CE241C3B8F00DF73C5 /* CPF.pdf */ = {isa = PBXFileReference; lastKnownFileType = image.pdf; path = CPF.pdf; sourceTree = "<group>"; };
		CFEFA6D0241C3BE100DF73C5 /* CM.pdf */ = {isa = PBXFileReference; lastKnownFileType = image.pdf; path = CM.pdf; sourceTree = "<group>"; };
		CFEFA6D2241C3C0F00DF73C5 /* CVM.pdf */ = {isa = PBXFileReference; lastKnownFileType = image.pdf; path = CVM.pdf; sourceTree = "<group>"; };
		D53B9596D1B45C39ED3B96B3 /* Pods_IIF_Documentos.framework */ = {isa = PBXFileReference; explicitFileType = wrapper.framework; includeInIndex = 0; path = Pods_IIF_Documentos.framework; sourceTree = BUILT_PRODUCTS_DIR; };
/* End PBXFileReference section */

/* Begin PBXFrameworksBuildPhase section */
		CFCA1C10241047B50016A6D8 /* Frameworks */ = {
			isa = PBXFrameworksBuildPhase;
			buildActionMask = 2147483647;
			files = (
				1A6EF0D6033279B515C7C239 /* Pods_IIF_Documentos.framework in Frameworks */,
			);
			runOnlyForDeploymentPostprocessing = 0;
		};
/* End PBXFrameworksBuildPhase section */

/* Begin PBXGroup section */
		561E4052FB91EA254A849182 /* Frameworks */ = {
			isa = PBXGroup;
			children = (
				D53B9596D1B45C39ED3B96B3 /* Pods_IIF_Documentos.framework */,
			);
			name = Frameworks;
			sourceTree = "<group>";
		};
		9D0E94B3242078BE008F4A8E /* Settings */ = {
			isa = PBXGroup;
			children = (
				9D0E94B624207939008F4A8E /* settingsTableViewController.swift */,
			);
			path = Settings;
			sourceTree = "<group>";
		};
		9D55E0F624108E2C000B5818 /* Tools */ = {
			isa = PBXGroup;
			children = (
				9D55E0F724108E53000B5818 /* extensionsViewController.swift */,
			);
			path = Tools;
			sourceTree = "<group>";
		};
		9D580CD4245CA34E00C2D648 /* Bookmark Detail */ = {
			isa = PBXGroup;
			children = (
				9D580CD9245CA3B200C2D648 /* bookMarkDetailViewController.swift */,
				9D580CDA245CA3B200C2D648 /* bookMarkDetailViewController.xib */,
			);
			path = "Bookmark Detail";
			sourceTree = "<group>";
		};
		9D620932241E2FC70036B420 /* Search */ = {
			isa = PBXGroup;
			children = (
				9D620937241E30140036B420 /* SearchTableViewController.swift */,
				9D620933241E2FD70036B420 /* SearchViewCell.swift */,
				9D620934241E2FD70036B420 /* SearchViewCell.xib */,
			);
			path = Search;
			sourceTree = "<group>";
		};
		9D6FB5CA2410B61B005F9719 /* Main */ = {
			isa = PBXGroup;
			children = (
				9D6FB5CB2410B62D005F9719 /* mainViewController.swift */,
				9DE700D7241B622E00AB0636 /* documentsTableViewCell.swift */,
				9DE700D8241B622E00AB0636 /* documentsTableViewCell.xib */,
			);
			path = Main;
			sourceTree = "<group>";
		};
		9D8E4B022438373D006430CF /* Bookmarks */ = {
			isa = PBXGroup;
			children = (
				9DD519712459E76C00205C91 /* bookmarksViewController.swift */,
				9DD519722459E76C00205C91 /* bookmarksViewController.xib */,
				9DD519752459EBAF00205C91 /* TableViewCell.swift */,
				9DD519762459EBAF00205C91 /* TableViewCell.xib */,
			);
			path = Bookmarks;
			sourceTree = "<group>";
		};
		9DE700D4241B58B400AB0636 /* PDF Viewer */ = {
			isa = PBXGroup;
			children = (
				9DE700D5241B58DC00AB0636 /* documentViewController.swift */,
			);
			path = "PDF Viewer";
			sourceTree = "<group>";
		};
		CF51D72E24184F24002CD70A /* PDF Files */ = {
			isa = PBXGroup;
			children = (
				CF51D72F24184F74002CD70A /* CNPP.pdf */,
				CF51D73024184F74002CD70A /* CPEM.pdf */,
				CFEFA6CE241C3B8F00DF73C5 /* CPF.pdf */,
				CFEFA6D0241C3BE100DF73C5 /* CM.pdf */,
				CFEFA6D2241C3C0F00DF73C5 /* CVM.pdf */,
			);
			path = "PDF Files";
			sourceTree = "<group>";
		};
		CFCA1C0A241047B50016A6D8 = {
			isa = PBXGroup;
			children = (
				9D580CD4245CA34E00C2D648 /* Bookmark Detail */,
				9D8E4B022438373D006430CF /* Bookmarks */,
				9D0E94B3242078BE008F4A8E /* Settings */,
				9D620932241E2FC70036B420 /* Search */,
				9DE700D4241B58B400AB0636 /* PDF Viewer */,
				9D6FB5CA2410B61B005F9719 /* Main */,
				9D55E0F624108E2C000B5818 /* Tools */,
				CFCA1C2E241055330016A6D8 /* Login */,
				CFCA1C15241047B50016A6D8 /* IIF Documentos */,
				CFCA1C14241047B50016A6D8 /* Products */,
				D93FB20EE1B9F46E6DEE4D91 /* Pods */,
				561E4052FB91EA254A849182 /* Frameworks */,
			);
			sourceTree = "<group>";
		};
		CFCA1C14241047B50016A6D8 /* Products */ = {
			isa = PBXGroup;
			children = (
				CFCA1C13241047B50016A6D8 /* IIF Documentos.app */,
			);
			name = Products;
			sourceTree = "<group>";
		};
		CFCA1C15241047B50016A6D8 /* IIF Documentos */ = {
			isa = PBXGroup;
			children = (
				CF51D72E24184F24002CD70A /* PDF Files */,
				CFCA1C16241047B50016A6D8 /* AppDelegate.swift */,
				CFCA1C18241047B50016A6D8 /* SceneDelegate.swift */,
				CFCA1C1C241047B50016A6D8 /* Main.storyboard */,
				CFCA1C1F241047B80016A6D8 /* Assets.xcassets */,
				CFCA1C21241047B80016A6D8 /* LaunchScreen.storyboard */,
				CFCA1C24241047B80016A6D8 /* Info.plist */,
				9D55E0FC2410977C000B5818 /* loadingVideo.mp4 */,
			);
			path = "IIF Documentos";
			sourceTree = "<group>";
		};
		CFCA1C2E241055330016A6D8 /* Login */ = {
			isa = PBXGroup;
			children = (
				9D55E0F9241095DF000B5818 /* loadingScreenViewController.swift */,
				CFCA1C2F241055440016A6D8 /* loginViewController.swift */,
			);
			path = Login;
			sourceTree = "<group>";
		};
		D93FB20EE1B9F46E6DEE4D91 /* Pods */ = {
			isa = PBXGroup;
			children = (
				78B47B99672920E58F564A80 /* Pods-IIF Documentos.debug.xcconfig */,
				7E9ED24895A687FCC64B0898 /* Pods-IIF Documentos.release.xcconfig */,
			);
			path = Pods;
			sourceTree = "<group>";
		};
/* End PBXGroup section */

/* Begin PBXNativeTarget section */
		CFCA1C12241047B50016A6D8 /* IIF Documentos */ = {
			isa = PBXNativeTarget;
			buildConfigurationList = CFCA1C27241047B80016A6D8 /* Build configuration list for PBXNativeTarget "IIF Documentos" */;
			buildPhases = (
				7A10788C1371D535F2CDEE31 /* [CP] Check Pods Manifest.lock */,
				CFCA1C0F241047B50016A6D8 /* Sources */,
				CFCA1C10241047B50016A6D8 /* Frameworks */,
				CFCA1C11241047B50016A6D8 /* Resources */,
				557F8E4645016EAAD66BF4A0 /* [CP] Embed Pods Frameworks */,
			);
			buildRules = (
			);
			dependencies = (
			);
			name = "IIF Documentos";
			productName = "IIF Documentos";
			productReference = CFCA1C13241047B50016A6D8 /* IIF Documentos.app */;
			productType = "com.apple.product-type.application";
		};
/* End PBXNativeTarget section */

/* Begin PBXProject section */
		CFCA1C0B241047B50016A6D8 /* Project object */ = {
			isa = PBXProject;
			attributes = {
				LastSwiftUpdateCheck = 1130;
				LastUpgradeCheck = 1130;
				ORGANIZATIONNAME = "Brandon Gonzalez";
				TargetAttributes = {
					CFCA1C12241047B50016A6D8 = {
						CreatedOnToolsVersion = 11.3.1;
					};
				};
			};
			buildConfigurationList = CFCA1C0E241047B50016A6D8 /* Build configuration list for PBXProject "IIF Documentos" */;
			compatibilityVersion = "Xcode 9.3";
			developmentRegion = en;
			hasScannedForEncodings = 0;
			knownRegions = (
				en,
				Base,
			);
			mainGroup = CFCA1C0A241047B50016A6D8;
			productRefGroup = CFCA1C14241047B50016A6D8 /* Products */;
			projectDirPath = "";
			projectRoot = "";
			targets = (
				CFCA1C12241047B50016A6D8 /* IIF Documentos */,
			);
		};
/* End PBXProject section */

/* Begin PBXResourcesBuildPhase section */
		CFCA1C11241047B50016A6D8 /* Resources */ = {
			isa = PBXResourcesBuildPhase;
			buildActionMask = 2147483647;
			files = (
				CFEFA6D1241C3BE100DF73C5 /* CM.pdf in Resources */,
				CFEFA6CF241C3B9000DF73C5 /* CPF.pdf in Resources */,
				9DE700DA241B622E00AB0636 /* documentsTableViewCell.xib in Resources */,
				9D620936241E2FD70036B420 /* SearchViewCell.xib in Resources */,
				9D580CDC245CA3B200C2D648 /* bookMarkDetailViewController.xib in Resources */,
				9DD519782459EBAF00205C91 /* TableViewCell.xib in Resources */,
				9DD519742459E76C00205C91 /* bookmarksViewController.xib in Resources */,
				CF51D73124184F74002CD70A /* CNPP.pdf in Resources */,
				9D55E0FD2410977C000B5818 /* loadingVideo.mp4 in Resources */,
				CFCA1C23241047B80016A6D8 /* LaunchScreen.storyboard in Resources */,
				CFEFA6D3241C3C0F00DF73C5 /* CVM.pdf in Resources */,
				CF51D73224184F74002CD70A /* CPEM.pdf in Resources */,
				CFCA1C20241047B80016A6D8 /* Assets.xcassets in Resources */,
				CFCA1C1E241047B50016A6D8 /* Main.storyboard in Resources */,
			);
			runOnlyForDeploymentPostprocessing = 0;
		};
/* End PBXResourcesBuildPhase section */

/* Begin PBXShellScriptBuildPhase section */
		557F8E4645016EAAD66BF4A0 /* [CP] Embed Pods Frameworks */ = {
			isa = PBXShellScriptBuildPhase;
			buildActionMask = 2147483647;
			files = (
			);
			inputFileListPaths = (
				"${PODS_ROOT}/Target Support Files/Pods-IIF Documentos/Pods-IIF Documentos-frameworks-${CONFIGURATION}-input-files.xcfilelist",
			);
			name = "[CP] Embed Pods Frameworks";
			outputFileListPaths = (
				"${PODS_ROOT}/Target Support Files/Pods-IIF Documentos/Pods-IIF Documentos-frameworks-${CONFIGURATION}-output-files.xcfilelist",
			);
			runOnlyForDeploymentPostprocessing = 0;
			shellPath = /bin/sh;
			shellScript = "\"${PODS_ROOT}/Target Support Files/Pods-IIF Documentos/Pods-IIF Documentos-frameworks.sh\"\n";
			showEnvVarsInLog = 0;
		};
		7A10788C1371D535F2CDEE31 /* [CP] Check Pods Manifest.lock */ = {
			isa = PBXShellScriptBuildPhase;
			buildActionMask = 2147483647;
			files = (
			);
			inputFileListPaths = (
			);
			inputPaths = (
				"${PODS_PODFILE_DIR_PATH}/Podfile.lock",
				"${PODS_ROOT}/Manifest.lock",
			);
			name = "[CP] Check Pods Manifest.lock";
			outputFileListPaths = (
			);
			outputPaths = (
				"$(DERIVED_FILE_DIR)/Pods-IIF Documentos-checkManifestLockResult.txt",
			);
			runOnlyForDeploymentPostprocessing = 0;
			shellPath = /bin/sh;
			shellScript = "diff \"${PODS_PODFILE_DIR_PATH}/Podfile.lock\" \"${PODS_ROOT}/Manifest.lock\" > /dev/null\nif [ $? != 0 ] ; then\n    # print error to STDERR\n    echo \"error: The sandbox is not in sync with the Podfile.lock. Run 'pod install' or update your CocoaPods installation.\" >&2\n    exit 1\nfi\n# This output is used by Xcode 'outputs' to avoid re-running this script phase.\necho \"SUCCESS\" > \"${SCRIPT_OUTPUT_FILE_0}\"\n";
			showEnvVarsInLog = 0;
		};
/* End PBXShellScriptBuildPhase section */

/* Begin PBXSourcesBuildPhase section */
		CFCA1C0F241047B50016A6D8 /* Sources */ = {
			isa = PBXSourcesBuildPhase;
			buildActionMask = 2147483647;
			files = (
				9DD519772459EBAF00205C91 /* TableViewCell.swift in Sources */,
				9DD519732459E76C00205C91 /* bookmarksViewController.swift in Sources */,
				9D55E0F824108E53000B5818 /* extensionsViewController.swift in Sources */,
				CFCA1C17241047B50016A6D8 /* AppDelegate.swift in Sources */,
				CFCA1C19241047B50016A6D8 /* SceneDelegate.swift in Sources */,
				9D580CDB245CA3B200C2D648 /* bookMarkDetailViewController.swift in Sources */,
				9D620935241E2FD70036B420 /* SearchViewCell.swift in Sources */,
				9DE700D6241B58DC00AB0636 /* documentViewController.swift in Sources */,
				9DE700D9241B622E00AB0636 /* documentsTableViewCell.swift in Sources */,
				9D0E94B724207939008F4A8E /* settingsTableViewController.swift in Sources */,
				9D55E0FA241095DF000B5818 /* loadingScreenViewController.swift in Sources */,
				9D620938241E30140036B420 /* SearchTableViewController.swift in Sources */,
				CFCA1C30241055440016A6D8 /* loginViewController.swift in Sources */,
				9D6FB5CC2410B62D005F9719 /* mainViewController.swift in Sources */,
			);
			runOnlyForDeploymentPostprocessing = 0;
		};
/* End PBXSourcesBuildPhase section */

/* Begin PBXVariantGroup section */
		CFCA1C1C241047B50016A6D8 /* Main.storyboard */ = {
			isa = PBXVariantGroup;
			children = (
				CFCA1C1D241047B50016A6D8 /* Base */,
			);
			name = Main.storyboard;
			sourceTree = "<group>";
		};
		CFCA1C21241047B80016A6D8 /* LaunchScreen.storyboard */ = {
			isa = PBXVariantGroup;
			children = (
				CFCA1C22241047B80016A6D8 /* Base */,
			);
			name = LaunchScreen.storyboard;
			sourceTree = "<group>";
		};
/* End PBXVariantGroup section */

/* Begin XCBuildConfiguration section */
		CFCA1C25241047B80016A6D8 /* Debug */ = {
			isa = XCBuildConfiguration;
			buildSettings = {
				ALWAYS_SEARCH_USER_PATHS = NO;
				CLANG_ANALYZER_NONNULL = YES;
				CLANG_ANALYZER_NUMBER_OBJECT_CONVERSION = YES_AGGRESSIVE;
				CLANG_CXX_LANGUAGE_STANDARD = "gnu++14";
				CLANG_CXX_LIBRARY = "libc++";
				CLANG_ENABLE_MODULES = YES;
				CLANG_ENABLE_OBJC_ARC = YES;
				CLANG_ENABLE_OBJC_WEAK = YES;
				CLANG_WARN_BLOCK_CAPTURE_AUTORELEASING = YES;
				CLANG_WARN_BOOL_CONVERSION = YES;
				CLANG_WARN_COMMA = YES;
				CLANG_WARN_CONSTANT_CONVERSION = YES;
				CLANG_WARN_DEPRECATED_OBJC_IMPLEMENTATIONS = YES;
				CLANG_WARN_DIRECT_OBJC_ISA_USAGE = YES_ERROR;
				CLANG_WARN_DOCUMENTATION_COMMENTS = YES;
				CLANG_WARN_EMPTY_BODY = YES;
				CLANG_WARN_ENUM_CONVERSION = YES;
				CLANG_WARN_INFINITE_RECURSION = YES;
				CLANG_WARN_INT_CONVERSION = YES;
				CLANG_WARN_NON_LITERAL_NULL_CONVERSION = YES;
				CLANG_WARN_OBJC_IMPLICIT_RETAIN_SELF = YES;
				CLANG_WARN_OBJC_LITERAL_CONVERSION = YES;
				CLANG_WARN_OBJC_ROOT_CLASS = YES_ERROR;
				CLANG_WARN_RANGE_LOOP_ANALYSIS = YES;
				CLANG_WARN_STRICT_PROTOTYPES = YES;
				CLANG_WARN_SUSPICIOUS_MOVE = YES;
				CLANG_WARN_UNGUARDED_AVAILABILITY = YES_AGGRESSIVE;
				CLANG_WARN_UNREACHABLE_CODE = YES;
				CLANG_WARN__DUPLICATE_METHOD_MATCH = YES;
				COPY_PHASE_STRIP = NO;
				DEBUG_INFORMATION_FORMAT = dwarf;
				ENABLE_STRICT_OBJC_MSGSEND = YES;
				ENABLE_TESTABILITY = YES;
				GCC_C_LANGUAGE_STANDARD = gnu11;
				GCC_DYNAMIC_NO_PIC = NO;
				GCC_NO_COMMON_BLOCKS = YES;
				GCC_OPTIMIZATION_LEVEL = 0;
				GCC_PREPROCESSOR_DEFINITIONS = (
					"DEBUG=1",
					"$(inherited)",
				);
				GCC_WARN_64_TO_32_BIT_CONVERSION = YES;
				GCC_WARN_ABOUT_RETURN_TYPE = YES_ERROR;
				GCC_WARN_UNDECLARED_SELECTOR = YES;
				GCC_WARN_UNINITIALIZED_AUTOS = YES_AGGRESSIVE;
				GCC_WARN_UNUSED_FUNCTION = YES;
				GCC_WARN_UNUSED_VARIABLE = YES;
				IPHONEOS_DEPLOYMENT_TARGET = 13.2;
				MTL_ENABLE_DEBUG_INFO = INCLUDE_SOURCE;
				MTL_FAST_MATH = YES;
				ONLY_ACTIVE_ARCH = YES;
				SDKROOT = iphoneos;
				SWIFT_ACTIVE_COMPILATION_CONDITIONS = DEBUG;
				SWIFT_OPTIMIZATION_LEVEL = "-Onone";
			};
			name = Debug;
		};
		CFCA1C26241047B80016A6D8 /* Release */ = {
			isa = XCBuildConfiguration;
			buildSettings = {
				ALWAYS_SEARCH_USER_PATHS = NO;
				CLANG_ANALYZER_NONNULL = YES;
				CLANG_ANALYZER_NUMBER_OBJECT_CONVERSION = YES_AGGRESSIVE;
				CLANG_CXX_LANGUAGE_STANDARD = "gnu++14";
				CLANG_CXX_LIBRARY = "libc++";
				CLANG_ENABLE_MODULES = YES;
				CLANG_ENABLE_OBJC_ARC = YES;
				CLANG_ENABLE_OBJC_WEAK = YES;
				CLANG_WARN_BLOCK_CAPTURE_AUTORELEASING = YES;
				CLANG_WARN_BOOL_CONVERSION = YES;
				CLANG_WARN_COMMA = YES;
				CLANG_WARN_CONSTANT_CONVERSION = YES;
				CLANG_WARN_DEPRECATED_OBJC_IMPLEMENTATIONS = YES;
				CLANG_WARN_DIRECT_OBJC_ISA_USAGE = YES_ERROR;
				CLANG_WARN_DOCUMENTATION_COMMENTS = YES;
				CLANG_WARN_EMPTY_BODY = YES;
				CLANG_WARN_ENUM_CONVERSION = YES;
				CLANG_WARN_INFINITE_RECURSION = YES;
				CLANG_WARN_INT_CONVERSION = YES;
				CLANG_WARN_NON_LITERAL_NULL_CONVERSION = YES;
				CLANG_WARN_OBJC_IMPLICIT_RETAIN_SELF = YES;
				CLANG_WARN_OBJC_LITERAL_CONVERSION = YES;
				CLANG_WARN_OBJC_ROOT_CLASS = YES_ERROR;
				CLANG_WARN_RANGE_LOOP_ANALYSIS = YES;
				CLANG_WARN_STRICT_PROTOTYPES = YES;
				CLANG_WARN_SUSPICIOUS_MOVE = YES;
				CLANG_WARN_UNGUARDED_AVAILABILITY = YES_AGGRESSIVE;
				CLANG_WARN_UNREACHABLE_CODE = YES;
				CLANG_WARN__DUPLICATE_METHOD_MATCH = YES;
				COPY_PHASE_STRIP = NO;
				DEBUG_INFORMATION_FORMAT = "dwarf-with-dsym";
				ENABLE_NS_ASSERTIONS = NO;
				ENABLE_STRICT_OBJC_MSGSEND = YES;
				GCC_C_LANGUAGE_STANDARD = gnu11;
				GCC_NO_COMMON_BLOCKS = YES;
				GCC_WARN_64_TO_32_BIT_CONVERSION = YES;
				GCC_WARN_ABOUT_RETURN_TYPE = YES_ERROR;
				GCC_WARN_UNDECLARED_SELECTOR = YES;
				GCC_WARN_UNINITIALIZED_AUTOS = YES_AGGRESSIVE;
				GCC_WARN_UNUSED_FUNCTION = YES;
				GCC_WARN_UNUSED_VARIABLE = YES;
				IPHONEOS_DEPLOYMENT_TARGET = 13.2;
				MTL_ENABLE_DEBUG_INFO = NO;
				MTL_FAST_MATH = YES;
				SDKROOT = iphoneos;
				SWIFT_COMPILATION_MODE = wholemodule;
				SWIFT_OPTIMIZATION_LEVEL = "-O";
				VALIDATE_PRODUCT = YES;
			};
			name = Release;
		};
		CFCA1C28241047B80016A6D8 /* Debug */ = {
			isa = XCBuildConfiguration;
			baseConfigurationReference = 78B47B99672920E58F564A80 /* Pods-IIF Documentos.debug.xcconfig */;
			buildSettings = {
				ASSETCATALOG_COMPILER_APPICON_NAME = AppIcon;
				CODE_SIGN_STYLE = Automatic;
				DEVELOPMENT_TEAM = 6RW3S42MR2;
				INFOPLIST_FILE = "IIF Documentos/Info.plist";
				IPHONEOS_DEPLOYMENT_TARGET = 13.0;
				LD_RUNPATH_SEARCH_PATHS = (
					"$(inherited)",
					"@executable_path/Frameworks",
				);
				MARKETING_VERSION = 2;
				PRODUCT_BUNDLE_IDENTIFIER = "com.broandonDevelops.IIF-Documentos";
				PRODUCT_NAME = "$(TARGET_NAME)";
				SWIFT_VERSION = 5.0;
				TARGETED_DEVICE_FAMILY = 1;
			};
			name = Debug;
		};
		CFCA1C29241047B80016A6D8 /* Release */ = {
			isa = XCBuildConfiguration;
			baseConfigurationReference = 7E9ED24895A687FCC64B0898 /* Pods-IIF Documentos.release.xcconfig */;
			buildSettings = {
				ASSETCATALOG_COMPILER_APPICON_NAME = AppIcon;
				CODE_SIGN_STYLE = Automatic;
				DEVELOPMENT_TEAM = 6RW3S42MR2;
				INFOPLIST_FILE = "IIF Documentos/Info.plist";
				IPHONEOS_DEPLOYMENT_TARGET = 13.0;
				LD_RUNPATH_SEARCH_PATHS = (
					"$(inherited)",
					"@executable_path/Frameworks",
				);
				MARKETING_VERSION = 2;
				PRODUCT_BUNDLE_IDENTIFIER = "com.broandonDevelops.IIF-Documentos";
				PRODUCT_NAME = "$(TARGET_NAME)";
				SWIFT_VERSION = 5.0;
				TARGETED_DEVICE_FAMILY = 1;
			};
			name = Release;
		};
/* End XCBuildConfiguration section */

/* Begin XCConfigurationList section */
		CFCA1C0E241047B50016A6D8 /* Build configuration list for PBXProject "IIF Documentos" */ = {
			isa = XCConfigurationList;
			buildConfigurations = (
				CFCA1C25241047B80016A6D8 /* Debug */,
				CFCA1C26241047B80016A6D8 /* Release */,
			);
			defaultConfigurationIsVisible = 0;
			defaultConfigurationName = Release;
		};
		CFCA1C27241047B80016A6D8 /* Build configuration list for PBXNativeTarget "IIF Documentos" */ = {
			isa = XCConfigurationList;
			buildConfigurations = (
				CFCA1C28241047B80016A6D8 /* Debug */,
				CFCA1C29241047B80016A6D8 /* Release */,
			);
			defaultConfigurationIsVisible = 0;
			defaultConfigurationName = Release;
		};
/* End XCConfigurationList section */
	};
	rootObject = CFCA1C0B241047B50016A6D8 /* Project object */;
}
